
Microsoft Visual Studio Solution File, Format Version 12.00
# Visual Studio 15
VisualStudioVersion = 15.0.27703.2047
MinimumVisualStudioVersion = 10.0.40219.1
Project("{A0786B88-2ADB-4C21-ABE8-AA2D79766269}") = "PROTAGOMIX", "PROTAGOMIX.phpproj", "{46186301-1DFD-4104-9B83-D86B9496E351}"
EndProject
Global
	GlobalSection(SolutionConfigurationPlatforms) = preSolution
		Debug|Any CPU = Debug|Any CPU
		Release|Any CPU = Release|Any CPU
	EndGlobalSection
	GlobalSection(ProjectConfigurationPlatforms) = postSolution
		{46186301-1DFD-4104-9B83-D86B9496E351}.Debug|Any CPU.ActiveCfg = Debug|Any CPU
		{46186301-1DFD-4104-9B83-D86B9496E351}.Release|Any CPU.ActiveCfg = Release|Any CPU
	EndGlobalSection
	GlobalSection(SolutionProperties) = preSolution
		HideSolutionNode = FALSE
	EndGlobalSection
	GlobalSection(ExtensibilityGlobals) = postSolution
		SolutionGuid = {ABBCD272-9A81-4A5D-A1D9-F118B0044C53}
	EndGlobalSection
EndGlobal
